
Microsoft Visual Studio Solution File, Format Version 12.00
# Visual Studio Version 17
VisualStudioVersion = 17.11.35312.102
MinimumVisualStudioVersion = 10.0.40219.1
Project("{9A19103F-16F7-4668-BE54-9A1E7A4F7556}") = "EstrututasRepetitivas", "EstrututasRepetitivas\EstrututasRepetitivas.csproj", "{316C6E88-2FAC-49CF-BFA3-14F2B3922EDE}"
EndProject
Project("{9A19103F-16F7-4668-BE54-9A1E7A4F7556}") = "Exercicio1113", "Exercicio1113\Exercicio1113.csproj", "{F4A271F7-92C6-4B8D-98FF-453C3EC8E090}"
EndProject
Project("{9A19103F-16F7-4668-BE54-9A1E7A4F7556}") = "ExercicioResolvido", "ExercicioResolvido\ExercicioResolvido.csproj", "{ED640ACE-FFB3-4C8D-B5BB-891BEF1E8440}"
EndProject
Project("{9A19103F-16F7-4668-BE54-9A1E7A4F7556}") = "Exercicio1114", "Exercicio1114\Exercicio1114.csproj", "{F989FDCF-5C79-47A6-8B0C-EC2416B58063}"
EndProject
Project("{9A19103F-16F7-4668-BE54-9A1E7A4F7556}") = "Exercicio1115", "Exercicio1115\Exercicio1115.csproj", "{0528C6FB-5D14-43C4-B7F3-5DDAC3085D2B}"
EndProject
Project("{9A19103F-16F7-4668-BE54-9A1E7A4F7556}") = "Exercicio1117", "Exercicio1117\Exercicio1117.csproj", "{82923FFC-7FFD-4A88-BECD-40A719C8D997}"
EndProject
Project("{9A19103F-16F7-4668-BE54-9A1E7A4F7556}") = "Exercicio1134", "Exercicio1034\Exercicio1134.csproj", "{F37A97B2-2A90-40CC-9E38-8F9CE1A67D86}"
EndProject
Project("{9A19103F-16F7-4668-BE54-9A1E7A4F7556}") = "Exercicio1154", "Exercicio1154\Exercicio1154.csproj", "{2CF16283-8C1B-4406-B175-71CD0AE6A1C0}"
EndProject
Project("{9A19103F-16F7-4668-BE54-9A1E7A4F7556}") = "Exercicio1159", "Exercicio1159\Exercicio1159.csproj", "{30AEC5D0-01FB-4E8D-92B9-08610AA7CF26}"
EndProject
Project("{9A19103F-16F7-4668-BE54-9A1E7A4F7556}") = "Exercicio1118", "Exercicio1118\Exercicio1118.csproj", "{4122AF30-6422-4467-9E17-D184E527D95C}"
EndProject
Project("{9A19103F-16F7-4668-BE54-9A1E7A4F7556}") = "Exercicio1131", "Exercicio1131\Exercicio1131.csproj", "{072EA41B-889F-4D8F-8735-42CB2447C364}"
EndProject
Project("{9A19103F-16F7-4668-BE54-9A1E7A4F7556}") = "ExercicioResolvido03Uri1078", "ExercicioResolvido03Uri1078\ExercicioResolvido03Uri1078.csproj", "{66D4321A-CE30-41C6-910A-6C1F1B89A1A8}"
EndProject
Project("{9A19103F-16F7-4668-BE54-9A1E7A4F7556}") = "ExercicioResolvido04Uri1071", "ExercicioResolvido04Uri1071\ExercicioResolvido04Uri1071.csproj", "{84F2CFE7-1B12-4AEB-AB27-3824D5E4590A}"
EndProject
Project("{9A19103F-16F7-4668-BE54-9A1E7A4F7556}") = "EstruturasRepetitivasDo", "EstruturasRepetitivasDo\EstruturasRepetitivasDo.csproj", "{AACAB94E-9976-4670-B686-7A1569C0DB81}"
EndProject
Project("{9A19103F-16F7-4668-BE54-9A1E7A4F7556}") = "Exercicio1072", "Exercicio1072\Exercicio1072.csproj", "{D0AC0EB9-0673-4DB6-BAA2-3C50FBCFAF98}"
EndProject
Project("{9A19103F-16F7-4668-BE54-9A1E7A4F7556}") = "Exercicio1073", "Exercicio1073\Exercicio1073.csproj", "{39C5BFBA-0932-44F5-859A-D8311C952E81}"
EndProject
Project("{9A19103F-16F7-4668-BE54-9A1E7A4F7556}") = "Exercicio1074", "Exercicio1074\Exercicio1074.csproj", "{6F69974F-444A-47EF-BA5D-412547B0D247}"
EndProject
Project("{9A19103F-16F7-4668-BE54-9A1E7A4F7556}") = "Exercicio1075", "Exercicio1075\Exercicio1075.csproj", "{E7AECC1D-E50F-461A-AE64-842588A63C3C}"
EndProject
Project("{9A19103F-16F7-4668-BE54-9A1E7A4F7556}") = "Exercicio1079", "Exercicio1079\Exercicio1079.csproj", "{176DD5D7-D26B-475E-BB0B-0A97C12F1DBD}"
EndProject
Project("{9A19103F-16F7-4668-BE54-9A1E7A4F7556}") = "Exercicio1080", "Exercicio1080\Exercicio1080.csproj", "{7A70959B-B0E6-40EB-886C-40287967D1CA}"
EndProject
Project("{9A19103F-16F7-4668-BE54-9A1E7A4F7556}") = "Exercicio1094", "Exercicio1094\Exercicio1094.csproj", "{75432D35-4988-4BB6-B9C0-48A83D58E236}"
EndProject
Project("{9A19103F-16F7-4668-BE54-9A1E7A4F7556}") = "Exercicio1096", "Exercicio1096\Exercicio1096.csproj", "{2A053CE9-01D6-4ECB-9667-1351CCC9F4E5}"
EndProject
Project("{9A19103F-16F7-4668-BE54-9A1E7A4F7556}") = "Exercicio1097", "Exercicio1097\Exercicio1097.csproj", "{68962422-A74A-4573-AFE9-96321F7752C1}"
EndProject
Project("{9A19103F-16F7-4668-BE54-9A1E7A4F7556}") = "Exercicio1116", "Exercicio1116\Exercicio1116.csproj", "{50AE3AB9-B3D7-4641-82E3-E695901AB118}"
EndProject
Project("{9A19103F-16F7-4668-BE54-9A1E7A4F7556}") = "Exercicio1132", "Exercicio1132\Exercicio1132.csproj", "{96F86BCF-92C1-4464-87E5-C6D617F1A930}"
EndProject
Project("{FAE04EC0-301F-11D3-BF4B-00C04F79EFBC}") = "Exercicio1133", "Exercicio1133\Exercicio1133.csproj", "{FD7CBD8B-3A99-42A6-92DD-731807D84A81}"
EndProject
Project("{FAE04EC0-301F-11D3-BF4B-00C04F79EFBC}") = "Exercicio1142", "Exercicio1142\Exercicio1142.csproj", "{3F02E8B6-27F8-4197-B474-CA2EC2576D5D}"
EndProject
Project("{FAE04EC0-301F-11D3-BF4B-00C04F79EFBC}") = "Exercicio1099", "Exercicio1099\Exercicio1099.csproj", "{4D484668-58E4-408A-8550-6E0567E344F3}"
EndProject
Project("{FAE04EC0-301F-11D3-BF4B-00C04F79EFBC}") = "Exercicio1101", "Exercicio1101\Exercicio1101.csproj", "{3BE2E7D5-5F44-4F31-9382-0C02BBFED51E}"
EndProject
Global
	GlobalSection(SolutionConfigurationPlatforms) = preSolution
		Debug|Any CPU = Debug|Any CPU
		Release|Any CPU = Release|Any CPU
	EndGlobalSection
	GlobalSection(ProjectConfigurationPlatforms) = postSolution
		{316C6E88-2FAC-49CF-BFA3-14F2B3922EDE}.Debug|Any CPU.ActiveCfg = Debug|Any CPU
		{316C6E88-2FAC-49CF-BFA3-14F2B3922EDE}.Debug|Any CPU.Build.0 = Debug|Any CPU
		{316C6E88-2FAC-49CF-BFA3-14F2B3922EDE}.Release|Any CPU.ActiveCfg = Release|Any CPU
		{316C6E88-2FAC-49CF-BFA3-14F2B3922EDE}.Release|Any CPU.Build.0 = Release|Any CPU
		{F4A271F7-92C6-4B8D-98FF-453C3EC8E090}.Debug|Any CPU.ActiveCfg = Debug|Any CPU
		{F4A271F7-92C6-4B8D-98FF-453C3EC8E090}.Debug|Any CPU.Build.0 = Debug|Any CPU
		{F4A271F7-92C6-4B8D-98FF-453C3EC8E090}.Release|Any CPU.ActiveCfg = Release|Any CPU
		{F4A271F7-92C6-4B8D-98FF-453C3EC8E090}.Release|Any CPU.Build.0 = Release|Any CPU
		{ED640ACE-FFB3-4C8D-B5BB-891BEF1E8440}.Debug|Any CPU.ActiveCfg = Debug|Any CPU
		{ED640ACE-FFB3-4C8D-B5BB-891BEF1E8440}.Debug|Any CPU.Build.0 = Debug|Any CPU
		{ED640ACE-FFB3-4C8D-B5BB-891BEF1E8440}.Release|Any CPU.ActiveCfg = Release|Any CPU
		{ED640ACE-FFB3-4C8D-B5BB-891BEF1E8440}.Release|Any CPU.Build.0 = Release|Any CPU
		{F989FDCF-5C79-47A6-8B0C-EC2416B58063}.Debug|Any CPU.ActiveCfg = Debug|Any CPU
		{F989FDCF-5C79-47A6-8B0C-EC2416B58063}.Debug|Any CPU.Build.0 = Debug|Any CPU
		{F989FDCF-5C79-47A6-8B0C-EC2416B58063}.Release|Any CPU.ActiveCfg = Release|Any CPU
		{F989FDCF-5C79-47A6-8B0C-EC2416B58063}.Release|Any CPU.Build.0 = Release|Any CPU
		{0528C6FB-5D14-43C4-B7F3-5DDAC3085D2B}.Debug|Any CPU.ActiveCfg = Debug|Any CPU
		{0528C6FB-5D14-43C4-B7F3-5DDAC3085D2B}.Debug|Any CPU.Build.0 = Debug|Any CPU
		{0528C6FB-5D14-43C4-B7F3-5DDAC3085D2B}.Release|Any CPU.ActiveCfg = Release|Any CPU
		{0528C6FB-5D14-43C4-B7F3-5DDAC3085D2B}.Release|Any CPU.Build.0 = Release|Any CPU
		{82923FFC-7FFD-4A88-BECD-40A719C8D997}.Debug|Any CPU.ActiveCfg = Debug|Any CPU
		{82923FFC-7FFD-4A88-BECD-40A719C8D997}.Debug|Any CPU.Build.0 = Debug|Any CPU
		{82923FFC-7FFD-4A88-BECD-40A719C8D997}.Release|Any CPU.ActiveCfg = Release|Any CPU
		{82923FFC-7FFD-4A88-BECD-40A719C8D997}.Release|Any CPU.Build.0 = Release|Any CPU
		{F37A97B2-2A90-40CC-9E38-8F9CE1A67D86}.Debug|Any CPU.ActiveCfg = Debug|Any CPU
		{F37A97B2-2A90-40CC-9E38-8F9CE1A67D86}.Debug|Any CPU.Build.0 = Debug|Any CPU
		{F37A97B2-2A90-40CC-9E38-8F9CE1A67D86}.Release|Any CPU.ActiveCfg = Release|Any CPU
		{F37A97B2-2A90-40CC-9E38-8F9CE1A67D86}.Release|Any CPU.Build.0 = Release|Any CPU
		{2CF16283-8C1B-4406-B175-71CD0AE6A1C0}.Debug|Any CPU.ActiveCfg = Debug|Any CPU
		{2CF16283-8C1B-4406-B175-71CD0AE6A1C0}.Debug|Any CPU.Build.0 = Debug|Any CPU
		{2CF16283-8C1B-4406-B175-71CD0AE6A1C0}.Release|Any CPU.ActiveCfg = Release|Any CPU
		{2CF16283-8C1B-4406-B175-71CD0AE6A1C0}.Release|Any CPU.Build.0 = Release|Any CPU
		{30AEC5D0-01FB-4E8D-92B9-08610AA7CF26}.Debug|Any CPU.ActiveCfg = Debug|Any CPU
		{30AEC5D0-01FB-4E8D-92B9-08610AA7CF26}.Debug|Any CPU.Build.0 = Debug|Any CPU
		{30AEC5D0-01FB-4E8D-92B9-08610AA7CF26}.Release|Any CPU.ActiveCfg = Release|Any CPU
		{30AEC5D0-01FB-4E8D-92B9-08610AA7CF26}.Release|Any CPU.Build.0 = Release|Any CPU
		{4122AF30-6422-4467-9E17-D184E527D95C}.Debug|Any CPU.ActiveCfg = Debug|Any CPU
		{4122AF30-6422-4467-9E17-D184E527D95C}.Debug|Any CPU.Build.0 = Debug|Any CPU
		{4122AF30-6422-4467-9E17-D184E527D95C}.Release|Any CPU.ActiveCfg = Release|Any CPU
		{4122AF30-6422-4467-9E17-D184E527D95C}.Release|Any CPU.Build.0 = Release|Any CPU
		{072EA41B-889F-4D8F-8735-42CB2447C364}.Debug|Any CPU.ActiveCfg = Debug|Any CPU
		{072EA41B-889F-4D8F-8735-42CB2447C364}.Debug|Any CPU.Build.0 = Debug|Any CPU
		{072EA41B-889F-4D8F-8735-42CB2447C364}.Release|Any CPU.ActiveCfg = Release|Any CPU
		{072EA41B-889F-4D8F-8735-42CB2447C364}.Release|Any CPU.Build.0 = Release|Any CPU
		{66D4321A-CE30-41C6-910A-6C1F1B89A1A8}.Debug|Any CPU.ActiveCfg = Debug|Any CPU
		{66D4321A-CE30-41C6-910A-6C1F1B89A1A8}.Debug|Any CPU.Build.0 = Debug|Any CPU
		{66D4321A-CE30-41C6-910A-6C1F1B89A1A8}.Release|Any CPU.ActiveCfg = Release|Any CPU
		{66D4321A-CE30-41C6-910A-6C1F1B89A1A8}.Release|Any CPU.Build.0 = Release|Any CPU
		{84F2CFE7-1B12-4AEB-AB27-3824D5E4590A}.Debug|Any CPU.ActiveCfg = Debug|Any CPU
		{84F2CFE7-1B12-4AEB-AB27-3824D5E4590A}.Debug|Any CPU.Build.0 = Debug|Any CPU
		{84F2CFE7-1B12-4AEB-AB27-3824D5E4590A}.Release|Any CPU.ActiveCfg = Release|Any CPU
		{84F2CFE7-1B12-4AEB-AB27-3824D5E4590A}.Release|Any CPU.Build.0 = Release|Any CPU
		{AACAB94E-9976-4670-B686-7A1569C0DB81}.Debug|Any CPU.ActiveCfg = Debug|Any CPU
		{AACAB94E-9976-4670-B686-7A1569C0DB81}.Debug|Any CPU.Build.0 = Debug|Any CPU
		{AACAB94E-9976-4670-B686-7A1569C0DB81}.Release|Any CPU.ActiveCfg = Release|Any CPU
		{AACAB94E-9976-4670-B686-7A1569C0DB81}.Release|Any CPU.Build.0 = Release|Any CPU
		{D0AC0EB9-0673-4DB6-BAA2-3C50FBCFAF98}.Debug|Any CPU.ActiveCfg = Debug|Any CPU
		{D0AC0EB9-0673-4DB6-BAA2-3C50FBCFAF98}.Debug|Any CPU.Build.0 = Debug|Any CPU
		{D0AC0EB9-0673-4DB6-BAA2-3C50FBCFAF98}.Release|Any CPU.ActiveCfg = Release|Any CPU
		{D0AC0EB9-0673-4DB6-BAA2-3C50FBCFAF98}.Release|Any CPU.Build.0 = Release|Any CPU
		{39C5BFBA-0932-44F5-859A-D8311C952E81}.Debug|Any CPU.ActiveCfg = Debug|Any CPU
		{39C5BFBA-0932-44F5-859A-D8311C952E81}.Debug|Any CPU.Build.0 = Debug|Any CPU
		{39C5BFBA-0932-44F5-859A-D8311C952E81}.Release|Any CPU.ActiveCfg = Release|Any CPU
		{39C5BFBA-0932-44F5-859A-D8311C952E81}.Release|Any CPU.Build.0 = Release|Any CPU
		{6F69974F-444A-47EF-BA5D-412547B0D247}.Debug|Any CPU.ActiveCfg = Debug|Any CPU
		{6F69974F-444A-47EF-BA5D-412547B0D247}.Debug|Any CPU.Build.0 = Debug|Any CPU
		{6F69974F-444A-47EF-BA5D-412547B0D247}.Release|Any CPU.ActiveCfg = Release|Any CPU
		{6F69974F-444A-47EF-BA5D-412547B0D247}.Release|Any CPU.Build.0 = Release|Any CPU
		{E7AECC1D-E50F-461A-AE64-842588A63C3C}.Debug|Any CPU.ActiveCfg = Debug|Any CPU
		{E7AECC1D-E50F-461A-AE64-842588A63C3C}.Debug|Any CPU.Build.0 = Debug|Any CPU
		{E7AECC1D-E50F-461A-AE64-842588A63C3C}.Release|Any CPU.ActiveCfg = Release|Any CPU
		{E7AECC1D-E50F-461A-AE64-842588A63C3C}.Release|Any CPU.Build.0 = Release|Any CPU
		{176DD5D7-D26B-475E-BB0B-0A97C12F1DBD}.Debug|Any CPU.ActiveCfg = Debug|Any CPU
		{176DD5D7-D26B-475E-BB0B-0A97C12F1DBD}.Debug|Any CPU.Build.0 = Debug|Any CPU
		{176DD5D7-D26B-475E-BB0B-0A97C12F1DBD}.Release|Any CPU.ActiveCfg = Release|Any CPU
		{176DD5D7-D26B-475E-BB0B-0A97C12F1DBD}.Release|Any CPU.Build.0 = Release|Any CPU
		{7A70959B-B0E6-40EB-886C-40287967D1CA}.Debug|Any CPU.ActiveCfg = Debug|Any CPU
		{7A70959B-B0E6-40EB-886C-40287967D1CA}.Debug|Any CPU.Build.0 = Debug|Any CPU
		{7A70959B-B0E6-40EB-886C-40287967D1CA}.Release|Any CPU.ActiveCfg = Release|Any CPU
		{7A70959B-B0E6-40EB-886C-40287967D1CA}.Release|Any CPU.Build.0 = Release|Any CPU
		{75432D35-4988-4BB6-B9C0-48A83D58E236}.Debug|Any CPU.ActiveCfg = Debug|Any CPU
		{75432D35-4988-4BB6-B9C0-48A83D58E236}.Debug|Any CPU.Build.0 = Debug|Any CPU
		{75432D35-4988-4BB6-B9C0-48A83D58E236}.Release|Any CPU.ActiveCfg = Release|Any CPU
		{75432D35-4988-4BB6-B9C0-48A83D58E236}.Release|Any CPU.Build.0 = Release|Any CPU
		{2A053CE9-01D6-4ECB-9667-1351CCC9F4E5}.Debug|Any CPU.ActiveCfg = Debug|Any CPU
		{2A053CE9-01D6-4ECB-9667-1351CCC9F4E5}.Debug|Any CPU.Build.0 = Debug|Any CPU
		{2A053CE9-01D6-4ECB-9667-1351CCC9F4E5}.Release|Any CPU.ActiveCfg = Release|Any CPU
		{2A053CE9-01D6-4ECB-9667-1351CCC9F4E5}.Release|Any CPU.Build.0 = Release|Any CPU
		{68962422-A74A-4573-AFE9-96321F7752C1}.Debug|Any CPU.ActiveCfg = Debug|Any CPU
		{68962422-A74A-4573-AFE9-96321F7752C1}.Debug|Any CPU.Build.0 = Debug|Any CPU
		{68962422-A74A-4573-AFE9-96321F7752C1}.Release|Any CPU.ActiveCfg = Release|Any CPU
		{68962422-A74A-4573-AFE9-96321F7752C1}.Release|Any CPU.Build.0 = Release|Any CPU
		{50AE3AB9-B3D7-4641-82E3-E695901AB118}.Debug|Any CPU.ActiveCfg = Debug|Any CPU
		{50AE3AB9-B3D7-4641-82E3-E695901AB118}.Debug|Any CPU.Build.0 = Debug|Any CPU
		{50AE3AB9-B3D7-4641-82E3-E695901AB118}.Release|Any CPU.ActiveCfg = Release|Any CPU
		{50AE3AB9-B3D7-4641-82E3-E695901AB118}.Release|Any CPU.Build.0 = Release|Any CPU
		{96F86BCF-92C1-4464-87E5-C6D617F1A930}.Debug|Any CPU.ActiveCfg = Debug|Any CPU
		{96F86BCF-92C1-4464-87E5-C6D617F1A930}.Debug|Any CPU.Build.0 = Debug|Any CPU
		{96F86BCF-92C1-4464-87E5-C6D617F1A930}.Release|Any CPU.ActiveCfg = Release|Any CPU
		{96F86BCF-92C1-4464-87E5-C6D617F1A930}.Release|Any CPU.Build.0 = Release|Any CPU
		{FD7CBD8B-3A99-42A6-92DD-731807D84A81}.Debug|Any CPU.ActiveCfg = Debug|Any CPU
		{FD7CBD8B-3A99-42A6-92DD-731807D84A81}.Debug|Any CPU.Build.0 = Debug|Any CPU
		{FD7CBD8B-3A99-42A6-92DD-731807D84A81}.Release|Any CPU.ActiveCfg = Release|Any CPU
		{FD7CBD8B-3A99-42A6-92DD-731807D84A81}.Release|Any CPU.Build.0 = Release|Any CPU
		{3F02E8B6-27F8-4197-B474-CA2EC2576D5D}.Debug|Any CPU.ActiveCfg = Debug|Any CPU
		{3F02E8B6-27F8-4197-B474-CA2EC2576D5D}.Debug|Any CPU.Build.0 = Debug|Any CPU
		{3F02E8B6-27F8-4197-B474-CA2EC2576D5D}.Release|Any CPU.ActiveCfg = Release|Any CPU
		{3F02E8B6-27F8-4197-B474-CA2EC2576D5D}.Release|Any CPU.Build.0 = Release|Any CPU
		{4D484668-58E4-408A-8550-6E0567E344F3}.Debug|Any CPU.ActiveCfg = Debug|Any CPU
		{4D484668-58E4-408A-8550-6E0567E344F3}.Debug|Any CPU.Build.0 = Debug|Any CPU
		{4D484668-58E4-408A-8550-6E0567E344F3}.Release|Any CPU.ActiveCfg = Release|Any CPU
		{4D484668-58E4-408A-8550-6E0567E344F3}.Release|Any CPU.Build.0 = Release|Any CPU
		{3BE2E7D5-5F44-4F31-9382-0C02BBFED51E}.Debug|Any CPU.ActiveCfg = Debug|Any CPU
		{3BE2E7D5-5F44-4F31-9382-0C02BBFED51E}.Debug|Any CPU.Build.0 = Debug|Any CPU
		{3BE2E7D5-5F44-4F31-9382-0C02BBFED51E}.Release|Any CPU.ActiveCfg = Release|Any CPU
		{3BE2E7D5-5F44-4F31-9382-0C02BBFED51E}.Release|Any CPU.Build.0 = Release|Any CPU
	EndGlobalSection
	GlobalSection(SolutionProperties) = preSolution
		HideSolutionNode = FALSE
	EndGlobalSection
	GlobalSection(ExtensibilityGlobals) = postSolution
		SolutionGuid = {16F9A52C-FFE6-490E-ADEC-5C145E157BEE}
	EndGlobalSection
EndGlobal
